{
    "name": "@scintilla-network/ciphers",
    "version": "1.2.0",
    "lockfileVersion": 3,
    "requires": true,
    "packages": {
        "": {
            "name": "@scintilla-network/ciphers",
            "version": "1.2.0",
            "license": "MIT",
            "dependencies": {
                "@noble/ciphers": "2.0.0"
            },
            "devDependencies": {
                "@scintilla-network/litest": "1.3.0"
            }
        },
        "node_modules/@noble/ciphers": {
            "version": "2.0.0",
            "resolved": "https://registry.npmjs.org/@noble/ciphers/-/ciphers-2.0.0.tgz",
            "integrity": "sha512-j/l6jpnpaIBM87cAYPJzi/6TgqmBv9spkqPyCXvRYsu5uxqh6tPJZDnD85yo8VWqzTuTQPgfv7NgT63u7kbwAQ==",
            "license": "MIT",
            "engines": {
                "node": ">= 20.19.0"
            },
            "funding": {
                "url": "https://paulmillr.com/funding/"
            }
        },
        "node_modules/@scintilla-network/litest": {
            "version": "1.3.0",
            "resolved": "https://registry.npmjs.org/@scintilla-network/litest/-/litest-1.3.0.tgz",
            "integrity": "sha512-K11HgZI/IZn8gWCfE3mVyoWs+cxGBnujabtM4n/zTXv1F2od8Jz36A2VPlK0YURMgBAU56fs6VDvGY2TfJVEdw==",
            "cpu": [
                "x64",
                "arm64",
                "arm",
                "ia32"
            ],
            "dev": true,
            "license": "MIT",
            "os": [
                "darwin",
                "linux",
                "win32"
            ],
            "bin": {
                "litest": "src/runner.js"
            },
            "engines": {
                "node": ">=14.0.0"
            },
            "funding": {
                "type": "github",
                "url": "https://github.com/sponsors/Scintilla-Network"
            }
        }
    }
}
